[container]
image = "docker.io/library/archlinux@sha256:068aa6bfc1e735cdf9be3dbf66327011f99126656f479168f479d68b28181106"

[[package]]
name = "binutils"
version = "2.44-1"
system = "archlinux"
url = "https://archive.archlinux.org/packages/b/binutils/binutils-2.44-1-x86_64.pkg.tar.zst"
sha256 = "8c14a56397669fefff067ec2c08aeccb944372be4f4cdb6fed0991ca18c4fb02"
signature = "iNUEABYKAH0WIQQFx3danouXdAf+COadTFqhVCbaCgUCZ6dOK18UgAAAAAAuAChpc3N1ZXItZnByQG5vdGF0aW9ucy5vcGVucGdwLmZpZnRoaG9yc2VtYW4ubmV0MDVDNzc3NUE5RThCOTc3NDA3RkUwOEU2OUQ0QzVBQTE1NDI2REEwQQAKCRCdTFqhVCbaCjeoAP9btSaBFNMd2M64KII1QXneh2x9+xVvLiz3YZ1kbNMknwEA4+KjPA7GZGgq1HWZsjLuTUWzu4M2D6WBXXfH9HLbiQ0="

[[package]]
name = "ca-certificates-mozilla"
version = "3.109-1"
system = "archlinux"
url = "https://archive.archlinux.org/packages/c/ca-certificates-mozilla/ca-certificates-mozilla-3.109-1-x86_64.pkg.tar.zst"
sha256 = "253ec0fd18a3743d15f70b384ebf1cdbe2528b16bb53b1c08821166c1fb7fa34"
signature = "iHUEABYKAB0WIQSDvIiJNRtd67toQW64rAhgDxCM3wUCZ8S+bgAKCRC4rAhgDxCM33m1AP9ulEF1HWvIpOYCe+kOZroLHjYkGyncod0dEtK9q4sk0QD/TZRmGgQOu29qfpgSQBQqpAtgQ3r+EpN/7KitQ8jv9w8="

[[package]]
name = "coreutils"
version = "9.6-4"
system = "archlinux"
url = "https://archive.archlinux.org/packages/c/coreutils/coreutils-9.6-4-x86_64.pkg.tar.zst"
sha256 = "1dee123bd0fcec4a4bc8cd4f9b82932b88508657baf43ed7eb8fc591a0012a27"
signature = "iQEzBAABCAAdFiEEW34/txt/EDKaHAOrdx32Yn7faB8FAmfKA+EACgkQdx32Yn7faB+cLAgAx2whLV1u+NdKB/E5agdS8IzdDFNSGE8sLjAXumZbm/vKXJbe42a/lBXNjDozsuP/SnAzlLzrJtuWyX9Dh4qH+AmPvkrEPu0dUa/1kA1KEQbJZShAec2xug8a+XHeOSNjusxkbK2nS19zD0zzQOKJ+l0HxpasDcGzK2OFxCNIx9rxrU7ME0Et0z/xlsA4q+aH/p+HxTqQh9JAMa3LO1pHMl7P2bQIE0TepQfjexE+0A3N+angBOeXAru6VrPClQKuNjbD3JDWd9GEhZFv3/bfdirNi/5qOHUfEYRWdoAwbJwmzR9LeqvsKzd6cFu5MVWFb8MiGd2qvwzqzOdV2peaPQ=="

[[package]]
name = "db5.3"
version = "5.3.28-5"
system = "archlinux"
url = "https://archive.archlinux.org/packages/d/db5.3/db5.3-5.3.28-5-x86_64.pkg.tar.zst"
sha256 = "edb56c7d84c438b387a53ee414daff2611f62e4804ec8f2995e17b34437c0a4c"
signature = "iNUEABYKAH0WIQQFx3danouXdAf+COadTFqhVCbaCgUCZjJfkl8UgAAAAAAuAChpc3N1ZXItZnByQG5vdGF0aW9ucy5vcGVucGdwLmZpZnRoaG9yc2VtYW4ubmV0MDVDNzc3NUE5RThCOTc3NDA3RkUwOEU2OUQ0QzVBQTE1NDI2REEwQQAKCRCdTFqhVCbaCsm7AP0bbQgsaPHKPqJfVCfxYO6mXx1nil0GatmeIGwU8miQgAD/dye0wbQaVcEgF4Ev8KDbQt+djEaHgfQFtfj9C64Vrg8="

[[package]]
name = "dbus"
version = "1.16.2-1"
system = "archlinux"
url = "https://archive.archlinux.org/packages/d/dbus/dbus-1.16.2-1-x86_64.pkg.tar.zst"
sha256 = "740fb8d02f6a5798984f17bf09c4f9f62f42a8339499c283867d9c35cda0d8af"
signature = "iHUEABYKAB0WIQSDvIiJNRtd67toQW64rAhgDxCM3wUCZ8O7owAKCRC4rAhgDxCM30JPAP4jKRVukB3Pct+OBKXAq2k6hws2mB9l9ABllAALALRZ8gEA+rTWO19i2HiMFSeMKGExdxG1daKG65Cl7OXE7gkO7Aw="

[[package]]
name = "gawk"
version = "5.3.1-2"
system = "archlinux"
url = "https://archive.archlinux.org/packages/g/gawk/gawk-5.3.1-2-x86_64.pkg.tar.zst"
sha256 = "4e69602cb8c3f78101a1bfd8e511f1cf7e6cf62dd0a84774d0d7e55b6c088f6d"
signature = "iQEzBAABCAAdFiEEW34/txt/EDKaHAOrdx32Yn7faB8FAmfKAbQACgkQdx32Yn7faB/gVwf/al226qRd4pdvIimZfza/EltSTHg6OGCWu3o8dtmVg86x+FLb43gQCHDiCA8KtYAw851mJQqGjjUTi+vu8RQkHkOJepV+n8mNtqmKXNsAwXtdMrlDzFcwhPqFNEaG2LQwoLQ2SuEYS0e+XhvtQsbh+8vMhDNdw+de1O304dC+ripvP/IwjeTcUlDX5Qd8L/giVyyBMtFNeec+sIi/+hyCfIy5FoGZ78n2dRHm0deFlnDEwvtdVhzNx0QvMUQFvyXBwsZUJFKLY7jYcL5I6gAhZ5cNqS2OPT5oYsK93XT6buU7CTv4FIulUjw493ZIYAn79e+y6FqKcrolKN5YeHesPA=="

[[package]]
name = "gc"
version = "8.2.8-2"
system = "archlinux"
url = "https://archive.archlinux.org/packages/g/gc/gc-8.2.8-2-x86_64.pkg.tar.zst"
sha256 = "c7b5e6816e7977a407e3f862b4ac51e7cf70e522c7fe1a72c2eca49431679712"
signature = "iNUEABYKAH0WIQQFx3danouXdAf+COadTFqhVCbaCgUCZt6oQl8UgAAAAAAuAChpc3N1ZXItZnByQG5vdGF0aW9ucy5vcGVucGdwLmZpZnRoaG9yc2VtYW4ubmV0MDVDNzc3NUE5RThCOTc3NDA3RkUwOEU2OUQ0QzVBQTE1NDI2REEwQQAKCRCdTFqhVCbaCp63AP4zSG9Ph/ey/7pYMn/RNiK9x1gv3SknQQ5dttHxVgc++QD/aXAHmlJ3i2x5kaqtv+bVKMTa80sF/S7X6DKJfQ+Q9Q4="

[[package]]
name = "gcc"
version = "14.2.1+r753+g1cd744a6828f-1"
system = "archlinux"
url = "https://archive.archlinux.org/packages/g/gcc/gcc-14.2.1+r753+g1cd744a6828f-1-x86_64.pkg.tar.zst"
sha256 = "2f5d57f8047bd95dc8ca89878e276968e485fec552a1d6222cbe7d4b020e5b8f"
signature = "iNUEABYKAH0WIQQFx3danouXdAf+COadTFqhVCbaCgUCZ6dOMl8UgAAAAAAuAChpc3N1ZXItZnByQG5vdGF0aW9ucy5vcGVucGdwLmZpZnRoaG9yc2VtYW4ubmV0MDVDNzc3NUE5RThCOTc3NDA3RkUwOEU2OUQ0QzVBQTE1NDI2REEwQQAKCRCdTFqhVCbaCs1BAQDhgm29sxvOmglFqaPf7w14Smqpbd/q83FwqUZX5fyqPwD+Obh+eLgaLHPq2DwHGH8TPoFEHlbMhU82pk2DkvU6qQE="

[[package]]
name = "glib2"
version = "2.84.0-1"
system = "archlinux"
url = "https://archive.archlinux.org/packages/g/glib2/glib2-2.84.0-1-x86_64.pkg.tar.zst"
sha256 = "28c8e676f9c63b57e1e1d3a0792037c6f81abb2ec60042d3f5d022bbbed77dff"
signature = "iHUEABYKAB0WIQSDvIiJNRtd67toQW64rAhgDxCM3wUCZ8nDOwAKCRC4rAhgDxCM3+2cAP9j7yj4Vmzo/oIftCoDCLrjbEFxvP2LwV1gDQZpagIbvwEAgrZVmKkJYB0x0YMmIDetVgBZ0u5Nwvh7IbyKmRwdCgs="

[[package]]
name = "guile"
version = "3.0.10-1"
system = "archlinux"
url = "https://archive.archlinux.org/packages/g/guile/guile-3.0.10-1-x86_64.pkg.tar.zst"
sha256 = "bf4d1b474045a88c7ad97b1ce56e8dd5786e5a10de02a8d33dc8f041edc8d01d"
signature = "iNUEABYKAH0WIQQFx3danouXdAf+COadTFqhVCbaCgUCZnkshF8UgAAAAAAuAChpc3N1ZXItZnByQG5vdGF0aW9ucy5vcGVucGdwLmZpZnRoaG9yc2VtYW4ubmV0MDVDNzc3NUE5RThCOTc3NDA3RkUwOEU2OUQ0QzVBQTE1NDI2REEwQQAKCRCdTFqhVCbaCruHAQDnjJsHGhq4cae34rHS1z+Hr6yzjVQSxvA6SE9XpredlAD/cstobLSMUsHswxf5df94XkoDPJdJs44uXE/iu9gsgQg="

[[package]]
name = "hwdata"
version = "0.393-1"
system = "archlinux"
url = "https://archive.archlinux.org/packages/h/hwdata/hwdata-0.393-1-any.pkg.tar.zst"
sha256 = "5cb742462a29c1490965c3dd4a0044fc3b1288c18b2805a603952465db369613"
signature = "iQEzBAABCAAdFiEEW34/txt/EDKaHAOrdx32Yn7faB8FAmfHOvMACgkQdx32Yn7faB/MsggAkZBBwIt605n0/Xq/McfRE1BpNqVL7yDHCj4sKwfkgFzOvV3UVcI4w1yPXQ43yqAkzS8WW3zZnRnyQtohfIO/EzGd1tcs/f8oPGtvYGl6GrYpdvCQcz9theCrtEdEwWmkEMiRPKGhWoUEcyW6gNjQxcxhbwBMbwqkMtGV2pjvkPS7qiEIsKpqcbRfRGBRmZT1V826scToAUk2ZuAT5xa7nPswZJy+UHFzF22P0cPyzNQ4PM890FKGnholzLLLWhU7Qy6nFfHn+0cm4POvxTNhsuR3RAy8IviEOOKuP/SDJ8EJZNAWot3A5iotODGJyHWb3lxeEAvnqFpkTPvHmm6cyA=="

[[package]]
name = "iana-etc"
version = "20250213-1"
system = "archlinux"
url = "https://archive.archlinux.org/packages/i/iana-etc/iana-etc-20250213-1-any.pkg.tar.zst"
sha256 = "53683da198e1cdb070324c344254d8d55fdb0fcca29d3b83afef45a1f8e41c9d"
signature = "iQEzBAABCAAdFiEE5JnHn1PJalTlcv7hwGCGM3xQdz4FAme87BAACgkQwGCGM3xQdz4rSAgArv24A+xkRQca4ktNQ7Ky8Fpxr8l3+1c11lmz6plOVM0uXNQBe1qv7EQF1zWJNLGJAKSay9ZYy6QBJsw1osHBDRRe0eDs+qGTth0QcbmW6A0e9ibBWWpijuCOnTgQ3vCj/Og/dTPSkF7spwcC7Q8aY9PWGiBfjkXIkO1H31Bm5pumqBq+rLAuUIy1abu8VNS230m2aa0svEdZq6g0Lnq/UjEWGJuaj8oVHQKd8i0/q5qODsH8uJOdUDSze6ek907t7fwNyCG0puOGX85wLa/G7tg/PqkihJO4vxsTZx6zv2t6ukXcvm/JVbLcHOyG5bMiWrNGCXQ9f4fiDCYGmVN/Ew=="

[[package]]
name = "jansson"
version = "2.14-4"
system = "archlinux"
url = "https://archive.archlinux.org/packages/j/jansson/jansson-2.14-4-x86_64.pkg.tar.zst"
sha256 = "a67ab57d4a9b4caa2e718652c392345cdd9c2496d835ab1d0ff1e78ae4429fde"
signature = "iNUEABYKAH0WIQQFx3danouXdAf+COadTFqhVCbaCgUCZjJful8UgAAAAAAuAChpc3N1ZXItZnByQG5vdGF0aW9ucy5vcGVucGdwLmZpZnRoaG9yc2VtYW4ubmV0MDVDNzc3NUE5RThCOTc3NDA3RkUwOEU2OUQ0QzVBQTE1NDI2REEwQQAKCRCdTFqhVCbaCpfCAP4sFnTjSEIn5wDbLWGZOivsWT2SWPG6AgofrnUjaK/UMAD9E2u6D7WJbVTYrvDhVUz3WN6k8bVB8ZODyoIF66GWEw0="

[[package]]
name = "kmod"
version = "34.1-1"
system = "archlinux"
url = "https://archive.archlinux.org/packages/k/kmod/kmod-34.1-1-x86_64.pkg.tar.zst"
sha256 = "7344e845a04e079ae779713563fdf8bd258418445f93e3a1d5445bb21c732f75"
signature = "iHUEABYKAB0WIQQEKYl95fO9rFN6MGltQr3RFuAGjwUCZ8lVswAKCRBtQr3RFuAGj2UwAP9rjWJGBlY+FqyYjNPHnu4kAHAjArENfPAu7H4F7V96kgD/UcREMxJePgASH/DJDT2jvdf5s9dzY8b6jsCzVMeoogY="

[[package]]
name = "libcap"
version = "2.75-1"
system = "archlinux"
url = "https://archive.archlinux.org/packages/l/libcap/libcap-2.75-1-x86_64.pkg.tar.zst"
sha256 = "2824ae462e15e0da14d3e965c60871dda3967d031746bc5a336d5a1042b48ffb"
signature = "iHUEABYKAB0WIQRizHP4hOUpV7L92IObeih9mi7GCAUCZ8lRowAKCRCbeih9mi7GCHTXAQDgSkHTOPylIWR5oOouCcpfS3oQ4589yTe10VS18OagHAEAkdq9atUJ1GjN+6Yei2E0r6IGAuU8zWt/e8Iaplicpws="

[[package]]
name = "libedit"
version = "20250104_3.1-1"
system = "archlinux"
url = "https://archive.archlinux.org/packages/l/libedit/libedit-20250104_3.1-1-x86_64.pkg.tar.zst"
sha256 = "9b4167ade67f899d5f4d1e0d3e8e8f18b5edfdd076f5aeffd100cb3093117987"
signature = "iQEzBAABCAAdFiEEW34/txt/EDKaHAOrdx32Yn7faB8FAme8RWMACgkQdx32Yn7faB9bnQf+N2KYErONnv0FLvqScucx7dhD+DNMqRFEEruhqsnAtP9KZzRePYMys6Uhn4TlIysatDnz6qy2UMeXuLOKDAYXMz4M37lfRT6YsBzbNj93FQlVrfelM/ap6U3vGBnHUVv8zqPoI6SgF+qqRuDJtoE3DR6TiiHgYm2oHRR/0NwF9S3hxqVkc+Ebmz7VTTlXW0x/g2uOKRqPyJR17GCuVrRWW/B0eIYrNIVVTE9jcMVKC5Uil+OAYd1bPoTQRgolw/Vp13QnHyUC4u8OwM3yl1b3CWjdRkwz7ImS+K5aF6z9/bUGzPwM1WmPkiz4TNeYHqxnKAQ9GnSLZOJBv1rMl3mI+g=="

[[package]]
name = "libisl"
version = "0.27-1"
system = "archlinux"
url = "https://archive.archlinux.org/packages/l/libisl/libisl-0.27-1-x86_64.pkg.tar.zst"
sha256 = "55a36e8195e6d9ce2efeb4276c60df6b6e7d94812fa36f8423d5ce664a5d34df"
signature = "iNUEABYKAH0WIQQFx3danouXdAf+COadTFqhVCbaCgUCZtWJeV8UgAAAAAAuAChpc3N1ZXItZnByQG5vdGF0aW9ucy5vcGVucGdwLmZpZnRoaG9yc2VtYW4ubmV0MDVDNzc3NUE5RThCOTc3NDA3RkUwOEU2OUQ0QzVBQTE1NDI2REEwQQAKCRCdTFqhVCbaCgPbAP9GNpnE0ra4qZOGYyJtfnyG42f8Z9dLpX21F/sY/a2UCgD/dz8x7harwjTofWctVHyyCacJsLhSq2jvSfrvvL4H/w8="

[[package]]
name = "libmpc"
version = "1.3.1-2"
system = "archlinux"
url = "https://archive.archlinux.org/packages/l/libmpc/libmpc-1.3.1-2-x86_64.pkg.tar.zst"
sha256 = "10554706eb15ed2186fbd55fd5db8fa5919788ac9a75d26c0b9ef5bdfca9d470"
signature = "iQEzBAABCAAdFiEEFRnVq6Zb9vwrc8dWek52CV2KUuQFAmaHCZwACgkQek52CV2KUuRjbAf/TmL9cCMXYTGsNmR2om6kT7XjczfZoFR9AM0FSTUNy5AuNZNUUCfm6ie6F4rFwHc3nETOSojScOZauZlcNiLrVriHYYFSZ8EhKiCJCo68a7KTbceBNoBuT6AEIpGMpIMti/cvWhu8VXl5JIRo8LNPBzDih05aCDUJ2nayKPYNHalDayu87sDXzJYXuzC8KD7XmUa7Kirn0ZpA4VZXc8CUjYYvn0wvRwLKQP4WMpszxmblQWjMVbQxh7dwC+gPtqIANVjoGKMRfr6QpT03XXIEaTBKbMsxeYFvwn+y2JN30t6oFI6LJADZ22VwimEzu06u+x9c+3+pr4k7Py43OCOGmg=="

[[package]]
name = "libnghttp2"
version = "1.65.0-1"
system = "archlinux"
url = "https://archive.archlinux.org/packages/l/libnghttp2/libnghttp2-1.65.0-1-x86_64.pkg.tar.zst"
sha256 = "7f6829cdaa41f1f61bf05a648198a640f0484fe550a2697435e552d42222b50c"
signature = "iHUEABYKAB0WIQQEKYl95fO9rFN6MGltQr3RFuAGjwUCZ8Vu2AAKCRBtQr3RFuAGj71WAP9YmSkSGdsqgEA7JsF5lAYJzj3y7zT9MkXeHumWpXSCFgD+JZ9mdujOPIlWL18ihlxZCSj38gL1Ya7mVwNjd2KETgo="

[[package]]
name = "llvm-libs"
version = "19.1.7-1"
system = "archlinux"
url = "https://archive.archlinux.org/packages/l/llvm-libs/llvm-libs-19.1.7-1-x86_64.pkg.tar.zst"
sha256 = "44de8dac4c85c2297d8a8b9b4f8a71d422bd2452b6b0f442859f92c5319daad3"
signature = "iQEzBAABCAAdFiEEhs/8qRjPOvRxR1iAUeixSKmZnDQFAmeLq+kACgkQUeixSKmZnDSQcgf/UE3HidSGyn485QxUdNk6ffxyRMIxQixiaMPVcFQlTCNoC2c3oN/Y9bp5qWN2Oydh5J17nVy6el5mpVzaSFrVA05cFP0eoOIy1RrlC2ko54icSmchRyD1bGHfwBNlurkCU5y1AQqbo+5Exfg31Vj5NsXdDst5E51WfP37/NxZ9holoXk17Lb5vcgQ/GTgmzEWL7Gt+CF5X0AkPCOejBtBrzcSWM2T4s6dGatM45PCTSWHzgLbi9RuZwd2y0jPZPPocvsmxoi1q0KhjteCXWJpn/HpksmiiRNIG1RN9uV7Vp9f0rVEoWaf1VbdzNyXrdoRFxdxg1Nt0en9VrwhMuX4Mg=="

[[package]]
name = "make"
version = "4.4.1-2"
system = "archlinux"
url = "https://archive.archlinux.org/packages/m/make/make-4.4.1-2-x86_64.pkg.tar.zst"
sha256 = "7c1bc0d882f7c8d1bcb305eb7efaabc19ed6afa5a9a443575fa0d5ed57985535"
signature = "iHUEABYKAB0WIQSZH24/B2XPYpWIhYYTmwnaW/DTOAUCZBT0lQAKCRATmwnaW/DTOKwJAP9/kfT3rO0NhbD8wuI6ajzjyKtrl4SfuU0yu/PKByXQOgD/aYSvsyXylJhCadU2smO4LbP2Vj9fnIvEwPvbXbesVQ0="

[[package]]
name = "musl"
version = "1.2.5-4"
system = "archlinux"
url = "https://archive.archlinux.org/packages/m/musl/musl-1.2.5-4-x86_64.pkg.tar.zst"
sha256 = "c088a092da5b07399f20a1474f9e34f2fcbb5655195562de76443613b6754b38"
signature = "iQJLBAABCAA1FiEEiee5MxxK59f699MFwTIpOVS75K0FAmfLY3IXHHNwdXB5a2luQGFyY2hsaW51eC5vcmcACgkQwTIpOVS75K3pMg/+PfdVRfE20NdshwkXo1y5UOelz1H77VjCFuMJDio5HFc7b+IoKNjSxZL8r1FLjolXaVlcI8QvoYZQ61IX4Nnq62Ygg2uY343IjHZg5hHiNN5gZdP2hwHaBFFWfPDsutW0n4fC3cELv+cIWnNCpefK2AofodURnBg1xMWDKH/LQTJlKdyoaAdX/LbxxQICz4BAkZ9Zxmu1DcEOK5p8wd2PDPBY9LSt0VpSKAAO8bDemCPP898X27rn3Z6ICX0FDPMB19J9jXVtHcux+vE9F43evPVVFbwGyi3ddYXkuC+4yvr6NOxq6MAs2feEZxwPFbT7dEFk9FDZJ2Ny6g41lNVbH7w4MpKfk/QO0kRrRoKibRg8lW26cITPi6b9nwqD76LQjmzzR/muTdJGy/S1V8s/aHnXwz3WEchXTgD62yocKzRX2Uh9LxdzV29b3Em/AN6dO7TNG4fMhVNGs83oxMoXx6XsH+aI6qh/TEYCOqqg9KW01MdigzVZuoHaHe8OT5zD2CQr8aIfpV6mj4YZqosjWC1lWwNdIXkzliRpDnsPpsWgpyemvAIOfOMf63aI8HVryHvvFP/Lt/KkCOgJMWNaXI0YFbWlaBAxiO5tcoV0zyKDmNw5J6BmKqVSEN2Ga8lQ17GB08GXD8nzdBQ7+TQmQhSgE0xjCNpHIerMtRt1xg0="

[[package]]
name = "perl"
version = "5.40.1-2"
system = "archlinux"
url = "https://archive.archlinux.org/packages/p/perl/perl-5.40.1-2-x86_64.pkg.tar.zst"
sha256 = "674d380a8aed94e9f98f98ac28d4a0b2c5ce742e036da5e40f9559b688e21c34"
signature = "iQEzBAABCgAdFiEE5JnHn1PJalTlcv7hwGCGM3xQdz4FAmeneiUACgkQwGCGM3xQdz6EFAgAmCuEaaORcrwjtsORJC15QTgWjdkLkTbRVoijRSyKp7OozWm3G6OJsEOMJB5FGFbJqG/pvvtj4BXjRu2J5SixtJEAAh+kz/SBkW4neyov5aPchXb17VPe2jr6eiFr4QnuYiLMTB4b/eJnNdpWK0AzOdW5lP7cFAT0pl4JNC9OOcGDX4wydduehV2QKHyrgSaQUdq2ks2gfNHmyOj7nr1DwKqK/bDWkhCc3HbQqTVHORY8rngiT58nqcQsYfBI+uprLfcnq/oidiMFnTUs5cN9fMN8+2AngrbOwfS5Biw0J5RTaJQZ9NxPegNkhh6d6r06pQnxfhx6Te6vZA67T8Sogw=="

[[package]]
name = "rust"
version = "1:1.85.0-1"
system = "archlinux"
url = "https://archive.archlinux.org/packages/r/rust/rust-1:1.85.0-1-x86_64.pkg.tar.zst"
sha256 = "3fd906c63706593928e8928feb5d7da5019a37fbec2456b6a16b44ce9ded95ff"
signature = "iHUEABYKAB0WIQSDvIiJNRtd67toQW64rAhgDxCM3wUCZ7eBMwAKCRC4rAhgDxCM35OzAQCWv+NKTnrmpemr3KmnGGzGtZY5nGaLQTDyPZnGa/Q27AEA897EU+Yj9nXbwc4bw4pHCoOJBqHtdLTvqFrhzVJsmwA="

[[package]]
name = "rust-musl"
version = "1:1.85.0-1"
system = "archlinux"
url = "https://archive.archlinux.org/packages/r/rust-musl/rust-musl-1:1.85.0-1-x86_64.pkg.tar.zst"
sha256 = "a156e687690b81f645e9f7a6bce395479f20d3172dcffbd10af25f9b3135546c"
signature = "iHUEABYKAB0WIQSDvIiJNRtd67toQW64rAhgDxCM3wUCZ7eBNQAKCRC4rAhgDxCM31MtAP9oquTC7q+3elHIaDnnLETN0NJQZ26cHAkIb+4KNmlSpwEAvscIz4L9n4M2aHRa4vdq7i/oICZFrd0P6d+pRspTfQE="

[[package]]
name = "systemd"
version = "257.4-1"
system = "archlinux"
url = "https://archive.archlinux.org/packages/s/systemd/systemd-257.4-1-x86_64.pkg.tar.zst"
sha256 = "c3f7b1163ea28532f4fec402247956eed38fc0a10944550862acc3ba1b492597"
signature = "iHUEABYKAB0WIQQEKYl95fO9rFN6MGltQr3RFuAGjwUCZ8m2pAAKCRBtQr3RFuAGj5eIAQCR8aJbglLdg3v0q/HWp7tAp9rEGm5RIoflwUE5mMP42wD/bgqRazlncz+52aJAnJtTvmF53Beej3ftokhn4/TfrgE="

[[package]]
name = "systemd-libs"
version = "257.4-1"
system = "archlinux"
url = "https://archive.archlinux.org/packages/s/systemd-libs/systemd-libs-257.4-1-x86_64.pkg.tar.zst"
sha256 = "010b0e720d6dc0cfe91c2d0af63c02e25f3dba5ed880c73c0630d1f805781638"
signature = "iHUEABYKAB0WIQQEKYl95fO9rFN6MGltQr3RFuAGjwUCZ8m2pQAKCRBtQr3RFuAGj0JCAP9KbCy4crY5f1JeK7IBAo7MmaZd1FwRCUBd2/FwvBS9WQEAiyUXYHlzGJgtzHGFy6qW8K+ltX0pQ9nCms5sA3obnQQ="

[[package]]
name = "systemd-sysvcompat"
version = "257.4-1"
system = "archlinux"
url = "https://archive.archlinux.org/packages/s/systemd-sysvcompat/systemd-sysvcompat-257.4-1-x86_64.pkg.tar.zst"
sha256 = "9d7988323d60336af4de92fc7241c85f051e7931bc55faebae949e3ad8931b43"
signature = "iHUEABYKAB0WIQQEKYl95fO9rFN6MGltQr3RFuAGjwUCZ8m2pQAKCRBtQr3RFuAGj7sSAP9usvXslic1L5tijJa2gH5b+9CIEiDSBliX5vXbqHIJWAEA+3h77jLrEswOTERngcJT8Mkb2FiDCn0KtPb9FTHD9wk="
