[container]
image = "docker.io/library/archlinux@sha256:fb9b13c74cc68f6f81f6b6e68c3972839669df11245d184b1ce501d16dd29930"

[[package]]
name = "binutils"
version = "2.44-1"
system = "archlinux"
url = "https://archive.archlinux.org/packages/b/binutils/binutils-2.44-1-x86_64.pkg.tar.zst"
sha256 = "8c14a56397669fefff067ec2c08aeccb944372be4f4cdb6fed0991ca18c4fb02"
signature = "iNUEABYKAH0WIQQFx3danouXdAf+COadTFqhVCbaCgUCZ6dOK18UgAAAAAAuAChpc3N1ZXItZnByQG5vdGF0aW9ucy5vcGVucGdwLmZpZnRoaG9yc2VtYW4ubmV0MDVDNzc3NUE5RThCOTc3NDA3RkUwOEU2OUQ0QzVBQTE1NDI2REEwQQAKCRCdTFqhVCbaCjeoAP9btSaBFNMd2M64KII1QXneh2x9+xVvLiz3YZ1kbNMknwEA4+KjPA7GZGgq1HWZsjLuTUWzu4M2D6WBXXfH9HLbiQ0="

[[package]]
name = "ca-certificates-mozilla"
version = "3.110-1"
system = "archlinux"
url = "https://archive.archlinux.org/packages/c/ca-certificates-mozilla/ca-certificates-mozilla-3.110-1-x86_64.pkg.tar.zst"
sha256 = "e93f74e1f884e24ba1029c0940decccd24bf3b59ee34c7a4e7eec9f1803b5c68"
signature = "iHUEABYKAB0WIQSDvIiJNRtd67toQW64rAhgDxCM3wUCZ+hWMAAKCRC4rAhgDxCM35CTAP9kuoJIg1P2DHe5Lm6xKmSRBzKeRcesT+Yk1vbMyvzsEgD/UIafC3g212OZaJx/owgLJmqkZAFypRq9oU466piSkQs="

[[package]]
name = "curl"
version = "8.13.0-1"
system = "archlinux"
url = "https://archive.archlinux.org/packages/c/curl/curl-8.13.0-1-x86_64.pkg.tar.zst"
sha256 = "2988a2515eecc0ce5fec3a0a9c8666843266ad2f1adc3fb8e7692457b4cd7709"
signature = "iHUEABYKAB0WIQQEKYl95fO9rFN6MGltQr3RFuAGjwUCZ+zfNgAKCRBtQr3RFuAGj/6kAP9/LByqiHbX3oSJ4Da90Hjpis1qaA99tMdV2rI7QUiyZgEA4hmdyR46Avy8TEAMEFjcSI95ksYK/MXGSlkiVqfMPgk="

[[package]]
name = "db5.3"
version = "5.3.28-5"
system = "archlinux"
url = "https://archive.archlinux.org/packages/d/db5.3/db5.3-5.3.28-5-x86_64.pkg.tar.zst"
sha256 = "edb56c7d84c438b387a53ee414daff2611f62e4804ec8f2995e17b34437c0a4c"
signature = "iNUEABYKAH0WIQQFx3danouXdAf+COadTFqhVCbaCgUCZjJfkl8UgAAAAAAuAChpc3N1ZXItZnByQG5vdGF0aW9ucy5vcGVucGdwLmZpZnRoaG9yc2VtYW4ubmV0MDVDNzc3NUE5RThCOTc3NDA3RkUwOEU2OUQ0QzVBQTE1NDI2REEwQQAKCRCdTFqhVCbaCsm7AP0bbQgsaPHKPqJfVCfxYO6mXx1nil0GatmeIGwU8miQgAD/dye0wbQaVcEgF4Ev8KDbQt+djEaHgfQFtfj9C64Vrg8="

[[package]]
name = "e2fsprogs"
version = "1.47.2-2"
system = "archlinux"
url = "https://archive.archlinux.org/packages/e/e2fsprogs/e2fsprogs-1.47.2-2-x86_64.pkg.tar.zst"
sha256 = "ce224ffef99b2333aff6f97b2b3ae7c7e102447054ed15e86f54d77ddf453996"
signature = "iHUEABYKAB0WIQQEKYl95fO9rFN6MGltQr3RFuAGjwUCZ+JuWwAKCRBtQr3RFuAGjwPOAQCIr+Q3kkfaEQetr+pkuZcHloL0gJSHoEyf10xcxCwjRgEA2TejiUXLa3F0jsdrmKsIpi2PcTvxGDQP/APkraR/UQI="

[[package]]
name = "expat"
version = "2.7.1-1"
system = "archlinux"
url = "https://archive.archlinux.org/packages/e/expat/expat-2.7.1-1-x86_64.pkg.tar.zst"
sha256 = "1868255dd1d5a673436887070b4739512529a54af3407ed7d1d0059dadd48d58"
signature = "iHUEABYKAB0WIQRizHP4hOUpV7L92IObeih9mi7GCAUCZ+ZOTQAKCRCbeih9mi7GCD5NAP94TlqffHEDtN7mFfpkPq4ZwfInQ7R4rK1rx4EhNEeQ/AEA2rMoyyllKhT2V/NWYx9ts2N0G9CcKyaIT8wiRxlW9wI="

[[package]]
name = "gawk"
version = "5.3.2-1"
system = "archlinux"
url = "https://archive.archlinux.org/packages/g/gawk/gawk-5.3.2-1-x86_64.pkg.tar.zst"
sha256 = "d8f0f58b13e67baae12a8d823f59cc230296996e82ccff36cb47f9779493327c"
signature = "iQEzBAABCAAdFiEEW34/txt/EDKaHAOrdx32Yn7faB8FAmfs/VMACgkQdx32Yn7faB8OTwf/cqhwEZzCPEn5xhCsOw/ZYrhdaJtw034IW29nq6ZIhDJaCS23LJVnm9YPV4oB92thl9Z39XFbE4XOdIUuZAPTvTk3r/SrHSQ7arKkPREv0XZoHB3QicUYzQJbkz+6p0OHc8wAXuNf8X3kmUJDRjvtszp7iDGpCpMAI7F30HOckg2qyOQjCRnrAxi6F7XTCqLARTNtP+kULNiumqc1rI6qxVF/cIaFJb4GmBMQm1ZbWpxCB8RzNG39cDj+o4ZwVDamgfXpgvUt8NktPwF+ZwZUCjTCup5lkN0tCqjuFWQ1+WpfKcfTXcja10eJYdXi0i4fHDdLa6b1NkR1CIw0nxusKA=="

[[package]]
name = "gc"
version = "8.2.8-2"
system = "archlinux"
url = "https://archive.archlinux.org/packages/g/gc/gc-8.2.8-2-x86_64.pkg.tar.zst"
sha256 = "c7b5e6816e7977a407e3f862b4ac51e7cf70e522c7fe1a72c2eca49431679712"
signature = "iNUEABYKAH0WIQQFx3danouXdAf+COadTFqhVCbaCgUCZt6oQl8UgAAAAAAuAChpc3N1ZXItZnByQG5vdGF0aW9ucy5vcGVucGdwLmZpZnRoaG9yc2VtYW4ubmV0MDVDNzc3NUE5RThCOTc3NDA3RkUwOEU2OUQ0QzVBQTE1NDI2REEwQQAKCRCdTFqhVCbaCp63AP4zSG9Ph/ey/7pYMn/RNiK9x1gv3SknQQ5dttHxVgc++QD/aXAHmlJ3i2x5kaqtv+bVKMTa80sF/S7X6DKJfQ+Q9Q4="

[[package]]
name = "gcc"
version = "14.2.1+r753+g1cd744a6828f-1"
system = "archlinux"
url = "https://archive.archlinux.org/packages/g/gcc/gcc-14.2.1+r753+g1cd744a6828f-1-x86_64.pkg.tar.zst"
sha256 = "2f5d57f8047bd95dc8ca89878e276968e485fec552a1d6222cbe7d4b020e5b8f"
signature = "iNUEABYKAH0WIQQFx3danouXdAf+COadTFqhVCbaCgUCZ6dOMl8UgAAAAAAuAChpc3N1ZXItZnByQG5vdGF0aW9ucy5vcGVucGdwLmZpZnRoaG9yc2VtYW4ubmV0MDVDNzc3NUE5RThCOTc3NDA3RkUwOEU2OUQ0QzVBQTE1NDI2REEwQQAKCRCdTFqhVCbaCs1BAQDhgm29sxvOmglFqaPf7w14Smqpbd/q83FwqUZX5fyqPwD+Obh+eLgaLHPq2DwHGH8TPoFEHlbMhU82pk2DkvU6qQE="

[[package]]
name = "gdbm"
version = "1.25-1"
system = "archlinux"
url = "https://archive.archlinux.org/packages/g/gdbm/gdbm-1.25-1-x86_64.pkg.tar.zst"
sha256 = "98b224ece1b1be95ab7c6f0b4d8d8ec036aa4f4441b254c3468cf8e290ac6808"
signature = "iHUEABYKAB0WIQRizHP4hOUpV7L92IObeih9mi7GCAUCZ9/5vwAKCRCbeih9mi7GCAbpAQCFf2Tyvp8vU3BCFBoIPnqM9PDuqHWGlf/XJQwrWO43AQD+NDAKNepoUG+V8cT4RFG3BQTkiifp/UzjRWlqtmVbRwI="

[[package]]
name = "glib2"
version = "2.84.1-1"
system = "archlinux"
url = "https://archive.archlinux.org/packages/g/glib2/glib2-2.84.1-1-x86_64.pkg.tar.zst"
sha256 = "e13262af297edb7889a7aa8b676bbc679a5d938bd72ce163ba4f7e6ceb9d2f01"
signature = "iHUEABYKAB0WIQSDvIiJNRtd67toQW64rAhgDxCM3wUCZ+7CSQAKCRC4rAhgDxCM3yxdAQCaDb2swFbOMEtc4GEoMfHGfFkoRbCM2qRv7sDo7qyvvwD+L50fryWJN0Ys+cpIAHIB3cwheLnZ8YlMkxo1Vxj4Ow8="

[[package]]
name = "guile"
version = "3.0.10-1"
system = "archlinux"
url = "https://archive.archlinux.org/packages/g/guile/guile-3.0.10-1-x86_64.pkg.tar.zst"
sha256 = "bf4d1b474045a88c7ad97b1ce56e8dd5786e5a10de02a8d33dc8f041edc8d01d"
signature = "iNUEABYKAH0WIQQFx3danouXdAf+COadTFqhVCbaCgUCZnkshF8UgAAAAAAuAChpc3N1ZXItZnByQG5vdGF0aW9ucy5vcGVucGdwLmZpZnRoaG9yc2VtYW4ubmV0MDVDNzc3NUE5RThCOTc3NDA3RkUwOEU2OUQ0QzVBQTE1NDI2REEwQQAKCRCdTFqhVCbaCruHAQDnjJsHGhq4cae34rHS1z+Hr6yzjVQSxvA6SE9XpredlAD/cstobLSMUsHswxf5df94XkoDPJdJs44uXE/iu9gsgQg="

[[package]]
name = "hwdata"
version = "0.394-1"
system = "archlinux"
url = "https://archive.archlinux.org/packages/h/hwdata/hwdata-0.394-1-any.pkg.tar.zst"
sha256 = "123a10d92cd7d3ac9769d3cf1a39cbd134f68883acda5c9a669814c20adf8b59"
signature = "iQEzBAABCAAdFiEEW34/txt/EDKaHAOrdx32Yn7faB8FAmfuH3IACgkQdx32Yn7faB8r1wf+MmCzc9mInyhpDRVvWHYEDwzZLJp/VK0xxyrImLHBzVb8WARlHyywJHQ56aBmt/YacGe0K12PHLhwD53EDPFzQlQmX890jx47dOuIPHTJh98Wi+nDhkBfxxgjNXJZZMypappqPZo5dj0MKxvmD+iLBJk/YdooFazz4XzsH/MxI23pEF/o5vrwEBmeBcj3Qp/Ij+jzQqL+DdVuHw9ACv6DQuCKn/EEPLQnRLQyLCtSh4T60/Q5sgKRmDztzwV1AtlfMlgQp7FwHv8n1j19ky1yXqIsXwanTv+Me+12ng98/TC2Y9x1Ywd6ZaLHzwEtwrAF9PDF79kaQx6269673u9EPg=="

[[package]]
name = "iana-etc"
version = "20250328-1"
system = "archlinux"
url = "https://archive.archlinux.org/packages/i/iana-etc/iana-etc-20250328-1-any.pkg.tar.zst"
sha256 = "37205f796a04220368116832000edc1cf88bb3134f0e5da915cebdd412111c9b"
signature = "iQEzBAABCgAdFiEE5JnHn1PJalTlcv7hwGCGM3xQdz4FAmfn9BMACgkQwGCGM3xQdz7v6wgAkVpFQD01KG0rxOqX7jBDY8OWrDdmBsPBWmq4dLCEY5wlsXYY1OoPvIsbYRtNG+NqcYt2kkyzrveo6USszFoc5jrlMA9rk2CWBP17YFmbpe5+0gslWD8cyWsWRw2l25HOyRFn+ot3XzY61gDG9CqsSotz0xtexuHPTPHsVC0e/6QL83jLUizHkyb9d9W+rf/fOy2JqR0pXwo04yUlNPZ37j0zB6qnAr1FLAor3SYcnkW84BfvqWM8vkahFDgCxYdDQoTBlppRmBVCl9f1wa//90zgHNwM1sq/Hllb3RD2EqfnCoV669yuUmhED/aqXAB2hymATpQAWNaiIDW97vkZQA=="

[[package]]
name = "iptables"
version = "1:1.8.11-2"
system = "archlinux"
url = "https://archive.archlinux.org/packages/i/iptables/iptables-1:1.8.11-2-x86_64.pkg.tar.zst"
sha256 = "8ca38c6d7d006acbf0c2c43ae2e7b0960f9be3d1bb658d30a43c3a3083e5ddad"
signature = "iQIzBAABCAAdFiEEtZcfLFwQqaCMYAMPeGxj8zDXy5IFAmfe+pcACgkQeGxj8zDXy5JRRA/+LEbPIF+OWU8yP4789xoLZPBMjbY3zJw+heZCZMsR5M1lWWi4XpUh0zhxpqNnl6U6v5uyjSEJtHhTDbEi6QnAV8xu/AZC29FUGb1QXBcfqLaIviSbRbsaUuSuPztL+wf0F01AX5hqfJdpdCHAnQv1nvQIEAeyUtBPc8OrUUosvqlBmpdYZaFxBhb0GAe64vJZIAA1+G7yo/csb267j6/atPtZJNLOTPenm0FTfRmyd0A8uGCRWOsLTCD7d8mkWeKJ688Db3ETpxtYwABueG1JiugJvW3HXfm6XkPsoplD0xDA86tzODP9oyj2N5MspprUP0Jf1+hDOx4y33Uue63J9nAxL1SK9Or24o7jCwaj8IYlvhpjYILrU6pIvLG1tyA4JT1+LUOJHOlAolX8gde1VKwQ9A0u7ctLZuDbsFVYgATyGnZ3RQCqjYg80/gQS6gSBHF41XyZfR18+kB7JvHdOvf1gCkqpoHJppNKFskuuRv6Xf3dCk0i+GDIwUUcjujKxGPoIFg93TqDT/A/hKRHqbZuQ2bdQGRV0xUMD/9eNrdHZyy9aMYZe801xH3e3abz6b0ueLMVC7eg0EsR2FEZcv6YKv+PGZZLSfeBJMQEeRMfZ6VJqqQNWFnJV+LZq6jOxtHIHnZrFPqbAAr1s/2TFREVUP6/qt+RGDpuqyD5UYI="

[[package]]
name = "jansson"
version = "2.14.1-1"
system = "archlinux"
url = "https://archive.archlinux.org/packages/j/jansson/jansson-2.14.1-1-x86_64.pkg.tar.zst"
sha256 = "18bcb1ca84cf1a59a09d8237d379ceed73acaa1c50ab7a3339800ff665a2f230"
signature = "iNUEABYKAH0WIQQFx3danouXdAf+COadTFqhVCbaCgUCZ+RdUF8UgAAAAAAuAChpc3N1ZXItZnByQG5vdGF0aW9ucy5vcGVucGdwLmZpZnRoaG9yc2VtYW4ubmV0MDVDNzc3NUE5RThCOTc3NDA3RkUwOEU2OUQ0QzVBQTE1NDI2REEwQQAKCRCdTFqhVCbaCj9MAQDhsiYeCDjvXoHp2TSRinf8gW+FDlRk53V/gtTpqofDhgEAj9NTp35ZhpycEzbbofVyGw95ZAwHVIEHLZ9jhRGHkA4="

[[package]]
name = "kmod"
version = "34.2-1"
system = "archlinux"
url = "https://archive.archlinux.org/packages/k/kmod/kmod-34.2-1-x86_64.pkg.tar.zst"
sha256 = "8cce1b4dfd2a1f354a253bb60a36c83024042eef5d47cb0214ec5d4f47f2007e"
signature = "iHUEABYKAB0WIQQEKYl95fO9rFN6MGltQr3RFuAGjwUCZ+bGsQAKCRBtQr3RFuAGjydJAP9rtqJ/nZgSQTAHrYezC5xSp53Ifn+IPv8+DHqjLgw7agD/fZHpoga0o3VHIPN/a+eWcu50nHHwUWZqriocWiMp/w0="

[[package]]
name = "leancrypto"
version = "1.3.0-1"
system = "archlinux"
url = "https://archive.archlinux.org/packages/l/leancrypto/leancrypto-1.3.0-1-x86_64.pkg.tar.zst"
sha256 = "592c72cfd11fcb73c9cf59658ca22e8daa5d7e347772db0dc403b73c79410d7c"
signature = "iQEzBAABCgAdFiEErcih/MFeAdRTEEGelGV6sg8qCSsFAmfpDGwACgkQlGV6sg8qCSvQeAf/ZZqOcd5XuNmeSJ19hEWqISxx0fWUxgtWHFYPutWTLoM4OR4G6ShO9B8cSO6KVzjMKuorJTicbUzqO03tTnrK+NIzIAsbjdk7Nz0nTJIPSBV2CtlUvPbrZZ74LRPTHkag3o7Z/vWa7/PK4YMaqBhz2apT0VhUQc8RI0qZVlAeqJekC+giHZSGBhOJRuOWH24UU/xuPShYQJSZz491hvcwKu6ZXfHYR98vcLJ9GLV0f5EK7n4msAKkyyHgAKrfCf3hllk9QcYLyCdd8/hm1mqvxbqArjnEKe8chadKoienvFHs2GWZjlUSObh/gZFkzz/+DZtDoYkASgAsmzr6Noar9w=="

[[package]]
name = "libarchive"
version = "3.7.9-1"
system = "archlinux"
url = "https://archive.archlinux.org/packages/l/libarchive/libarchive-3.7.9-1-x86_64.pkg.tar.zst"
sha256 = "4fbd1e336cf51e287a24c9b390c549d170db0dc541b9c9b46e58174545e1ac93"
signature = "iHUEABYKAB0WIQQEKYl95fO9rFN6MGltQr3RFuAGjwUCZ+oq1AAKCRBtQr3RFuAGj9FjAQDz4+lIiWRsQfOjnCoBoechjZd4q88pDdMv6PBVmF6gCAD6AvHDEAj0k9bZO1EQTqaU16CE01oL7H31FswsI/sO9wM="

[[package]]
name = "libedit"
version = "20250104_3.1-1"
system = "archlinux"
url = "https://archive.archlinux.org/packages/l/libedit/libedit-20250104_3.1-1-x86_64.pkg.tar.zst"
sha256 = "9b4167ade67f899d5f4d1e0d3e8e8f18b5edfdd076f5aeffd100cb3093117987"
signature = "iQEzBAABCAAdFiEEW34/txt/EDKaHAOrdx32Yn7faB8FAme8RWMACgkQdx32Yn7faB9bnQf+N2KYErONnv0FLvqScucx7dhD+DNMqRFEEruhqsnAtP9KZzRePYMys6Uhn4TlIysatDnz6qy2UMeXuLOKDAYXMz4M37lfRT6YsBzbNj93FQlVrfelM/ap6U3vGBnHUVv8zqPoI6SgF+qqRuDJtoE3DR6TiiHgYm2oHRR/0NwF9S3hxqVkc+Ebmz7VTTlXW0x/g2uOKRqPyJR17GCuVrRWW/B0eIYrNIVVTE9jcMVKC5Uil+OAYd1bPoTQRgolw/Vp13QnHyUC4u8OwM3yl1b3CWjdRkwz7ImS+K5aF6z9/bUGzPwM1WmPkiz4TNeYHqxnKAQ9GnSLZOJBv1rMl3mI+g=="

[[package]]
name = "libisl"
version = "0.27-1"
system = "archlinux"
url = "https://archive.archlinux.org/packages/l/libisl/libisl-0.27-1-x86_64.pkg.tar.zst"
sha256 = "55a36e8195e6d9ce2efeb4276c60df6b6e7d94812fa36f8423d5ce664a5d34df"
signature = "iNUEABYKAH0WIQQFx3danouXdAf+COadTFqhVCbaCgUCZtWJeV8UgAAAAAAuAChpc3N1ZXItZnByQG5vdGF0aW9ucy5vcGVucGdwLmZpZnRoaG9yc2VtYW4ubmV0MDVDNzc3NUE5RThCOTc3NDA3RkUwOEU2OUQ0QzVBQTE1NDI2REEwQQAKCRCdTFqhVCbaCgPbAP9GNpnE0ra4qZOGYyJtfnyG42f8Z9dLpX21F/sY/a2UCgD/dz8x7harwjTofWctVHyyCacJsLhSq2jvSfrvvL4H/w8="

[[package]]
name = "libksba"
version = "1.6.7-2"
system = "archlinux"
url = "https://archive.archlinux.org/packages/l/libksba/libksba-1.6.7-2-x86_64.pkg.tar.zst"
sha256 = "7e0d48df8904083d029ef7c917df63644662f90f3fbf1341d5654af7fd3b43c8"
signature = "iQEzBAABCAAdFiEEW34/txt/EDKaHAOrdx32Yn7faB8FAmfsS/IACgkQdx32Yn7faB8lMggAh7/XJjnpjSiYi86D7mtRRnrpIURC79fykQQO1CakNfqH5mtXfLYaSe9EBMRgJ89VvHjr01VTQfpRQ5+i6HR9OsAeWquTW9PKiRnWK19+0ISvX3/piATY5G0hPmMpY0NMcdQTsR30Sq30luWCZL4U0wjk99mk8J4cTuhv9d5gE2rhTCe4QK+TLuG+1h1UDReCbyu7o7LjaB9YD9bd/dob8yI/ZyWY1x6dUM7hYQB3EXMHQ6Z72eiYSkyZhUViQt0ZRviaAQ4I5Z+S9f527qVVSEZMFvGgIvy5L6mY0960bHLBk1JJLns7yTLunuOHrQF0NjvB5pKW7pRQ0LWHyiiU8g=="

[[package]]
name = "libmpc"
version = "1.3.1-2"
system = "archlinux"
url = "https://archive.archlinux.org/packages/l/libmpc/libmpc-1.3.1-2-x86_64.pkg.tar.zst"
sha256 = "10554706eb15ed2186fbd55fd5db8fa5919788ac9a75d26c0b9ef5bdfca9d470"
signature = "iQEzBAABCAAdFiEEFRnVq6Zb9vwrc8dWek52CV2KUuQFAmaHCZwACgkQek52CV2KUuRjbAf/TmL9cCMXYTGsNmR2om6kT7XjczfZoFR9AM0FSTUNy5AuNZNUUCfm6ie6F4rFwHc3nETOSojScOZauZlcNiLrVriHYYFSZ8EhKiCJCo68a7KTbceBNoBuT6AEIpGMpIMti/cvWhu8VXl5JIRo8LNPBzDih05aCDUJ2nayKPYNHalDayu87sDXzJYXuzC8KD7XmUa7Kirn0ZpA4VZXc8CUjYYvn0wvRwLKQP4WMpszxmblQWjMVbQxh7dwC+gPtqIANVjoGKMRfr6QpT03XXIEaTBKbMsxeYFvwn+y2JN30t6oFI6LJADZ22VwimEzu06u+x9c+3+pr4k7Py43OCOGmg=="

[[package]]
name = "libsysprof-capture"
version = "48.0-3"
system = "archlinux"
url = "https://archive.archlinux.org/packages/l/libsysprof-capture/libsysprof-capture-48.0-3-x86_64.pkg.tar.zst"
sha256 = "bdfa0c721f2ce78a227db37eb609ef56fcbd376262041d1423891e7486d4c480"
signature = "iQIzBAABCAAdFiEEFORv5f1p8uKH4kTbYyw8wNHJyvYFAmfriT0ACgkQYyw8wNHJyvZVtw//TW1l8f8I4wEa0UnjLjEdSyVd5bwZFqtcuADytDlS9TAax/fBHvupsYvL0tL8IEjE23hHfBgoxAqiSxUzag0XY16IljWbGJ3HjT4kyzJbAwr30ctGHNDkXa/7t26+qbZMUHJxGuAWA6BQo60E+75rvvftLW92emANmi8tibsjn13rer6XJ/5qN2DsYokHzuCAosue4d6tfdFdz53rX2Vueq7L4EnUKJABrmjuTEN7XmBc0krDxaMxauOfdZ7LxxEgCz5U3oP5B0FrHwkxZ3wvwyCg/u7VOVvUVrgiuXK7XtZ5ryllxedgg20WrzLo3osJH3FgWIhHNnYkqLTuXzbtCE7MDqafhjT9SOc6DNW9Wb9g2WFqnKvC0DxINELXHGJCT6PuRKBCDGMfOEpJpDcGdwV/sWYaVubDJbAUtdKb43mZWwW+WfICxlMEDKp/Pws+aSuYrJwA7OHDJZhnwg4FbXqeMmVT+LMkvP86oEUY7tyDXXq7L5DgJUWNcNvMOsuADrr/gmDhRF5TPQ9LNAObYqQuza9LZk11LTy8+FFRux/96Ivdk7u163BnKWH4gR3Liny1FyRPanKeYMqe2lCj6AlpWY7Oj0g5k8YfOmjbVCNDbgcnmiXScZZP2awOwUrClg58ihUrmzaqgTSB8v4w5BMA+tq4YPntW7OCytEjShg="

[[package]]
name = "llvm-libs"
version = "19.1.7-1"
system = "archlinux"
url = "https://archive.archlinux.org/packages/l/llvm-libs/llvm-libs-19.1.7-1-x86_64.pkg.tar.zst"
sha256 = "44de8dac4c85c2297d8a8b9b4f8a71d422bd2452b6b0f442859f92c5319daad3"
signature = "iQEzBAABCAAdFiEEhs/8qRjPOvRxR1iAUeixSKmZnDQFAmeLq+kACgkQUeixSKmZnDSQcgf/UE3HidSGyn485QxUdNk6ffxyRMIxQixiaMPVcFQlTCNoC2c3oN/Y9bp5qWN2Oydh5J17nVy6el5mpVzaSFrVA05cFP0eoOIy1RrlC2ko54icSmchRyD1bGHfwBNlurkCU5y1AQqbo+5Exfg31Vj5NsXdDst5E51WfP37/NxZ9holoXk17Lb5vcgQ/GTgmzEWL7Gt+CF5X0AkPCOejBtBrzcSWM2T4s6dGatM45PCTSWHzgLbi9RuZwd2y0jPZPPocvsmxoi1q0KhjteCXWJpn/HpksmiiRNIG1RN9uV7Vp9f0rVEoWaf1VbdzNyXrdoRFxdxg1Nt0en9VrwhMuX4Mg=="

[[package]]
name = "make"
version = "4.4.1-2"
system = "archlinux"
url = "https://archive.archlinux.org/packages/m/make/make-4.4.1-2-x86_64.pkg.tar.zst"
sha256 = "7c1bc0d882f7c8d1bcb305eb7efaabc19ed6afa5a9a443575fa0d5ed57985535"
signature = "iHUEABYKAB0WIQSZH24/B2XPYpWIhYYTmwnaW/DTOAUCZBT0lQAKCRATmwnaW/DTOKwJAP9/kfT3rO0NhbD8wuI6ajzjyKtrl4SfuU0yu/PKByXQOgD/aYSvsyXylJhCadU2smO4LbP2Vj9fnIvEwPvbXbesVQ0="

[[package]]
name = "musl"
version = "1.2.5-5"
system = "archlinux"
url = "https://archive.archlinux.org/packages/m/musl/musl-1.2.5-5-x86_64.pkg.tar.zst"
sha256 = "8ab3ff885e1b91b6eb3f61526c4a0f964aea307b0965670a0810db65ad1a555f"
signature = "iQIzBAABCAAdFiEEM+u4qOHFZTZFsSMqRaZQ4mOMU20FAmfw+foACgkQRaZQ4mOMU20Xhg//UIv3wt8AQG65HY8cgRha9Xj4jpI9UslMu4vi1M6gD72g90QN9Q0BkOTlPNehvLVa6bK6919as+KQudFwtT+oXRVAYH+NVqTNANeuOtIVEHNT9ojoDRMEeGrLkLmMkoFOV6MtqT8Noyh2Ne5dVf6GCnaJUAQTGPjKX/OimIpUoXKyGf4QKR7ngQKulLImUYd87d0Jtt6+tEPGM55V0wlCN0xHhvqsGzjzIQO269737r7q8CiUMhUCUqInBLR6hWtGNIT6svSMh8TGnE2TBDX0iZgmN7LaRky9qV6HVcocY3IU2u/UGjVwKTwjuRGIBRG7nG51FF7rHAf4CsQXQODmOGz5jZb7DGQY9IieX1l5QoigNeX7ViT40/wDSiFHViZ6I378WCVJtK7A3cFSVp4tIbJLgveDOXTiES++KalRDXpYkq/GxSDVKeHnkVtFSrYYW52fBIZgKWP673LT2z+j0JhKKQROQ3uK3WWDt9OT0UeK6gdgRiABAtwXAF/EnMfmIc5eOUXKM7M+1I3aG2TILQ4273De31mDYAVVsJVVhbxKmh/ofDZS6AVU2+i/gloT2mDm5Sm++7DMFkJYaSZ/OBrnQarXiUhz5Uw1R6kmdKK0eXJDrQdcExwCNSuV6tBWU7UU9TGIFPmN5u8k+GmaYHBkdfxeIgGkgDb0EQ1uWlQ="

[[package]]
name = "perl"
version = "5.40.1-2"
system = "archlinux"
url = "https://archive.archlinux.org/packages/p/perl/perl-5.40.1-2-x86_64.pkg.tar.zst"
sha256 = "674d380a8aed94e9f98f98ac28d4a0b2c5ce742e036da5e40f9559b688e21c34"
signature = "iQEzBAABCgAdFiEE5JnHn1PJalTlcv7hwGCGM3xQdz4FAmeneiUACgkQwGCGM3xQdz6EFAgAmCuEaaORcrwjtsORJC15QTgWjdkLkTbRVoijRSyKp7OozWm3G6OJsEOMJB5FGFbJqG/pvvtj4BXjRu2J5SixtJEAAh+kz/SBkW4neyov5aPchXb17VPe2jr6eiFr4QnuYiLMTB4b/eJnNdpWK0AzOdW5lP7cFAT0pl4JNC9OOcGDX4wydduehV2QKHyrgSaQUdq2ks2gfNHmyOj7nr1DwKqK/bDWkhCc3HbQqTVHORY8rngiT58nqcQsYfBI+uprLfcnq/oidiMFnTUs5cN9fMN8+2AngrbOwfS5Biw0J5RTaJQZ9NxPegNkhh6d6r06pQnxfhx6Te6vZA67T8Sogw=="

[[package]]
name = "rust"
version = "1:1.86.0-1"
system = "archlinux"
url = "https://archive.archlinux.org/packages/r/rust/rust-1:1.86.0-1-x86_64.pkg.tar.zst"
sha256 = "068e69debc5399f3bca4d2f22e4d18f342e26a4bfc27d75c7a22c46d0994bc4b"
signature = "iHUEABYKAB0WIQSDvIiJNRtd67toQW64rAhgDxCM3wUCZ+7R1QAKCRC4rAhgDxCM3zazAQCPiiljZzSuOJ3MzuQEX6f+hSdBtqPOvsFhKWXEFUclTgEA4is9meUGm2LOIwaZiS2G5ayBHIc+sE3rbgfzit5I4gI="

[[package]]
name = "rust-musl"
version = "1:1.86.0-1"
system = "archlinux"
url = "https://archive.archlinux.org/packages/r/rust-musl/rust-musl-1:1.86.0-1-x86_64.pkg.tar.zst"
sha256 = "d04878119d851114a767dcac9c2d5d9f7f1900f52dd82f61e5131ba28c439e3d"
signature = "iHUEABYKAB0WIQSDvIiJNRtd67toQW64rAhgDxCM3wUCZ+7R2AAKCRC4rAhgDxCM32UEAP4sGffPU+2aYl+JpXAFUC4WOjzxC4g/hVxgTdO90hiMhQD+NRkoHV0xtteBU3LGJpMquAfAkqoAmyIs0iuLig2XlAE="

[[package]]
name = "systemd"
version = "257.5-1"
system = "archlinux"
url = "https://archive.archlinux.org/packages/s/systemd/systemd-257.5-1-x86_64.pkg.tar.zst"
sha256 = "d094f47a0793b1c7ed7d607be8898e3f4027ed5add44dda26d277f3e61367298"
signature = "iHUEABYKAB0WIQQEKYl95fO9rFN6MGltQr3RFuAGjwUCZ+9wxQAKCRBtQr3RFuAGj7iUAQDVEbDIpx5ZwYe9uJ4qKQUsZHfNFFz0zdPF0HC4P+m0jgD+NYWxzJoB8cpY5zpNPbWW1qGtrLNKxH6qR50Hzo5Z/ws="

[[package]]
name = "systemd-libs"
version = "257.5-1"
system = "archlinux"
url = "https://archive.archlinux.org/packages/s/systemd-libs/systemd-libs-257.5-1-x86_64.pkg.tar.zst"
sha256 = "90b992036f743d36c4fa71a94e4b6bfda84b99fb1fa7ec2516c71cea403893b3"
signature = "iHUEABYKAB0WIQQEKYl95fO9rFN6MGltQr3RFuAGjwUCZ+9wxgAKCRBtQr3RFuAGj/zWAP45jAQWyF+047fTJXIv7vL4/Krog+RkbuW6aVhdRlTZggD/Zx3FIJUnkvSgWg6wwXkfInE2HvNdkY8PLhKjKNajmw0="

[[package]]
name = "systemd-sysvcompat"
version = "257.5-1"
system = "archlinux"
url = "https://archive.archlinux.org/packages/s/systemd-sysvcompat/systemd-sysvcompat-257.5-1-x86_64.pkg.tar.zst"
sha256 = "ce380cdf67ced7a044bcaa8056e32e142a6a76108287f1fbf338c982a87214c3"
signature = "iHUEABYKAB0WIQQEKYl95fO9rFN6MGltQr3RFuAGjwUCZ+9wxgAKCRBtQr3RFuAGjy7cAQCA6/F9k93XgHNLWEDi3fBTjE/64guayucspfvdtzCK5AEAm0VZQlZqRuZOtZ2cQyRpTbuy6/vfr/LBC/lf9HFMLwg="

[[package]]
name = "util-linux"
version = "2.41-4"
system = "archlinux"
url = "https://archive.archlinux.org/packages/u/util-linux/util-linux-2.41-4-x86_64.pkg.tar.zst"
sha256 = "c81691292e8bb9358b33482f2ef131450ea6834efdc08cc6a416c5089aa33d75"
signature = "iHUEABYKAB0WIQQEKYl95fO9rFN6MGltQr3RFuAGjwUCZ+gDDAAKCRBtQr3RFuAGj38VAQCr12T8ZpJzdWre166qpJLeD8ych+p1fqvlDuTBDFKATAD8CNW9/TWd97E5Djuej8lW69G9tMt5dGtkzb52KlwYhgs="

[[package]]
name = "util-linux-libs"
version = "2.41-4"
system = "archlinux"
url = "https://archive.archlinux.org/packages/u/util-linux-libs/util-linux-libs-2.41-4-x86_64.pkg.tar.zst"
sha256 = "84569a53769101bc167b7e49f94aaeb4433fb941347508320bad810060ce11d7"
signature = "iHUEABYKAB0WIQQEKYl95fO9rFN6MGltQr3RFuAGjwUCZ+gDDAAKCRBtQr3RFuAGjyeKAPwJpNbm6fJSObmmEhRROCXBZo2tgsTn2IjIPqRG99nKfAD/busU5rWBOVAqQyco67lDuMXXepDIYxUcOnyLmFFsNAw="

[[package]]
name = "xz"
version = "5.8.1-1"
system = "archlinux"
url = "https://archive.archlinux.org/packages/x/xz/xz-5.8.1-1-x86_64.pkg.tar.zst"
sha256 = "aeecc6315b7b6d6af8d43a375b1e2795e313563bfde8a5df5866952b087eb6ad"
signature = "iQIzBAABCgAdFiEE4kC1fixGMLp2ji8m/BtUfI2BcsgFAmfuu34ACgkQ/BtUfI2BcsgpcA/+IrA2GDgQICXAGBapp3YPLgo8Gw7b9kmsi9j/iY27tV7IuioYCEpHnEt7fSMggSh8svg9wPKHGaElJdGjcT3lu/p/0xQXryRuFdf9jX6NdEnODYLUIOITIVZNzcQOUtddr4y5P88gd7aXnY2OBbmhSvbMVCkwzkpwSdYkWj6gp7Gi/4kBiEKgToFYkrC2xd0lBxEDbDurYAGwW90fdVCOW16Mlu4ysI49y6sx8YLpT4QmA2Yy3DrIE824dONdEoYExK6gzYVyhLu7F1gpv6Nwy1WHCAj5jo3+cmMlpWTfxzyuDMjb3Bg9N5ZZjU8L5SgNPFXo3g9uwEZvbB/tufHigc5Ss4X4ctwfIVdcQgmbcvOwzMNlwfte6upXSfSqryijy2f16zmhyxJdV55E24NLxmsglUEMRBBriv/gOl7pV61lpOa6pcjC1xnwAob6bkJFSP2KfgDtiQAGOhV+wwRy0bUmsDC+x9t6pOazmgYvCQKrdAefRi/QWJTVwh1FFQLlz4TP/K7jsT7fMowjr/5Gjeg/s0TKY8vtsapwdlTbf3zJFwF9m1/MQY4LungPBmXnFLyI+TH3kzvONMg/EaAe4z9R2Brba8H3TPWfXbST+KjD24ZBYpd2RRoB6f1hjxEUsqG5asynO6iOEeQf72nzWcMFhkoXUZa/+1nmbj9s71k="
